
Microsoft Visual Studio Solution File, Format Version 12.00
# Visual Studio Version 17
VisualStudioVersion = 17.8.34525.116
MinimumVisualStudioVersion = 10.0.40219.1
Project("{FAE04EC0-301F-11D3-BF4B-00C04F79EFBC}") = "RandomStats", "ProtoDrek\RandomStats.csproj", "{BA089C38-7344-4668-BCE9-BA89124D1266}"
EndProject
Project("{FAE04EC0-301F-11D3-BF4B-00C04F79EFBC}") = "TestMod", "TestMod\TestMod.csproj", "{D846FF4D-1942-4494-B648-269BC9821E8C}"
EndProject
Project("{FAE04EC0-301F-11D3-BF4B-00C04F79EFBC}") = "AddedCards", "AddedCards\AddedCards.csproj", "{EBFFA6B3-A6CA-4D19-8689-2DD5B3E3253C}"
EndProject
Project("{FAE04EC0-301F-11D3-BF4B-00C04F79EFBC}") = "PersistentDrek", "PersistentDrek\PersistentDrek.csproj", "{883A5845-06F1-45FB-80E1-C28EC9E9EB93}"
EndProject
Project("{FAE04EC0-301F-11D3-BF4B-00C04F79EFBC}") = "Inactive", "Inactive\Inactive.csproj", "{9E20865D-9E81-4B55-B1F8-2B08105E4A2E}"
EndProject
Project("{FAE04EC0-301F-11D3-BF4B-00C04F79EFBC}") = "AnotherTribe", "AnotherTribe\AnotherTribe.csproj", "{5F4BA9E7-5F80-4B4A-ACB6-E258441EF55A}"
EndProject
Project("{FAE04EC0-301F-11D3-BF4B-00C04F79EFBC}") = "BattleEditor", "BattleEditor\BattleEditor.csproj", "{9D8AA4AA-D896-4446-9E56-2CD891F52523}"
EndProject
Project("{FAE04EC0-301F-11D3-BF4B-00C04F79EFBC}") = "ItemNamesReturn", "ItemNamesReturn\ItemNamesReturn.csproj", "{9FE95F07-3A90-435F-BA3B-84A393206F75}"
EndProject
Project("{FAE04EC0-301F-11D3-BF4B-00C04F79EFBC}") = "UnreliableCounters", "UnreliableCounters\UnreliableCounters.csproj", "{F49C21A8-96CE-45F9-9F67-00E2B2B44A46}"
EndProject
Project("{FAE04EC0-301F-11D3-BF4B-00C04F79EFBC}") = "Information Collector", "Information Collector\Information Collector.csproj", "{4B9BD5B4-98AC-4EBA-B592-5A725440AF51}"
EndProject
Project("{FAE04EC0-301F-11D3-BF4B-00C04F79EFBC}") = "GamemodeAndClasses", "GamemodeAndClasses\GamemodeAndClasses.csproj", "{F251FED2-3A05-487F-83D2-891A19345E0C}"
EndProject
Project("{FAE04EC0-301F-11D3-BF4B-00C04F79EFBC}") = "VolatileDeck", "VolatileDeck\VolatileDeck.csproj", "{0B4099C1-DC4E-4923-9AA5-2E6B2EAC3B16}"
EndProject
Project("{FAE04EC0-301F-11D3-BF4B-00C04F79EFBC}") = "Tokens", "Tokens\Tokens.csproj", "{A7303724-47CA-43F5-A7A9-6AACC945CAEF}"
EndProject
Project("{FAE04EC0-301F-11D3-BF4B-00C04F79EFBC}") = "AlwaysAscended", "AlwaysAscended\AlwaysAscended.csproj", "{2936FCBB-F1EC-4184-8E54-ADACCF6B9595}"
EndProject
Project("{FAE04EC0-301F-11D3-BF4B-00C04F79EFBC}") = "MultiplayerBase", "MultiplayerBase\MultiplayerBase.csproj", "{8BE3889F-91BD-4CE2-B4B1-3DB5027B0737}"
EndProject
Project("{FAE04EC0-301F-11D3-BF4B-00C04F79EFBC}") = "Sync", "Sync\Sync.csproj", "{88550A93-08C1-45D3-8968-1C26A986B774}"
EndProject
Project("{FAE04EC0-301F-11D3-BF4B-00C04F79EFBC}") = "Backflip", "Backflip\Backflip.csproj", "{CD00DEAA-CA54-44B9-AEC5-13FC5CEB818A}"
EndProject
Project("{FAE04EC0-301F-11D3-BF4B-00C04F79EFBC}") = "RunHistoryMod", "RunHistoryMod\RunHistoryMod.csproj", "{3036094A-C701-4117-BD69-04863A92BE88}"
EndProject
Project("{FAE04EC0-301F-11D3-BF4B-00C04F79EFBC}") = "EyeEyeEye", "EyeEyeEye\EyeEyeEye.csproj", "{CF6325F9-1701-456A-89BB-9AA220E724C7}"
EndProject
Project("{FAE04EC0-301F-11D3-BF4B-00C04F79EFBC}") = "LocalFixes", "LocalFixes\LocalFixes.csproj", "{070B3975-4234-40FE-B6CA-3BF669BD2009}"
EndProject
Project("{FAE04EC0-301F-11D3-BF4B-00C04F79EFBC}") = "Stabilizer", "Stabilizer\Stabilizer.csproj", "{8C45272B-EE16-46E4-A65B-38EB7FDBBE55}"
EndProject
Project("{FAE04EC0-301F-11D3-BF4B-00C04F79EFBC}") = "BodyDropper", "BodyDropper\BodyDropper.csproj", "{B6C280A1-ECCC-4FA7-A59C-7A55C4E629B4}"
EndProject
Project("{FAE04EC0-301F-11D3-BF4B-00C04F79EFBC}") = "Persist", "Persist\Persist.csproj", "{E3F99826-16F5-45CC-83A5-17D85D40F9C2}"
EndProject
Project("{FAE04EC0-301F-11D3-BF4B-00C04F79EFBC}") = "Detours", "Events\Detours.csproj", "{6711ACA2-6777-4889-BAA4-141CC7B0C41D}"
EndProject
Project("{FAE04EC0-301F-11D3-BF4B-00C04F79EFBC}") = "CustomCardFrames", "CustomCardFrames\CustomCardFrames.csproj", "{52111E11-FA7E-4F8C-A4A6-8CF805B14659}"
EndProject
Global
	GlobalSection(SolutionConfigurationPlatforms) = preSolution
		Debug|Any CPU = Debug|Any CPU
		Release|Any CPU = Release|Any CPU
	EndGlobalSection
	GlobalSection(ProjectConfigurationPlatforms) = postSolution
		{BA089C38-7344-4668-BCE9-BA89124D1266}.Debug|Any CPU.ActiveCfg = Debug|Any CPU
		{BA089C38-7344-4668-BCE9-BA89124D1266}.Debug|Any CPU.Build.0 = Debug|Any CPU
		{BA089C38-7344-4668-BCE9-BA89124D1266}.Release|Any CPU.ActiveCfg = Release|Any CPU
		{BA089C38-7344-4668-BCE9-BA89124D1266}.Release|Any CPU.Build.0 = Release|Any CPU
		{D846FF4D-1942-4494-B648-269BC9821E8C}.Debug|Any CPU.ActiveCfg = Debug|Any CPU
		{D846FF4D-1942-4494-B648-269BC9821E8C}.Debug|Any CPU.Build.0 = Debug|Any CPU
		{D846FF4D-1942-4494-B648-269BC9821E8C}.Release|Any CPU.ActiveCfg = Release|Any CPU
		{D846FF4D-1942-4494-B648-269BC9821E8C}.Release|Any CPU.Build.0 = Release|Any CPU
		{EBFFA6B3-A6CA-4D19-8689-2DD5B3E3253C}.Debug|Any CPU.ActiveCfg = Debug|Any CPU
		{EBFFA6B3-A6CA-4D19-8689-2DD5B3E3253C}.Debug|Any CPU.Build.0 = Debug|Any CPU
		{EBFFA6B3-A6CA-4D19-8689-2DD5B3E3253C}.Release|Any CPU.ActiveCfg = Release|Any CPU
		{EBFFA6B3-A6CA-4D19-8689-2DD5B3E3253C}.Release|Any CPU.Build.0 = Release|Any CPU
		{883A5845-06F1-45FB-80E1-C28EC9E9EB93}.Debug|Any CPU.ActiveCfg = Debug|Any CPU
		{883A5845-06F1-45FB-80E1-C28EC9E9EB93}.Debug|Any CPU.Build.0 = Debug|Any CPU
		{883A5845-06F1-45FB-80E1-C28EC9E9EB93}.Release|Any CPU.ActiveCfg = Release|Any CPU
		{883A5845-06F1-45FB-80E1-C28EC9E9EB93}.Release|Any CPU.Build.0 = Release|Any CPU
		{9E20865D-9E81-4B55-B1F8-2B08105E4A2E}.Debug|Any CPU.ActiveCfg = Debug|Any CPU
		{9E20865D-9E81-4B55-B1F8-2B08105E4A2E}.Debug|Any CPU.Build.0 = Debug|Any CPU
		{9E20865D-9E81-4B55-B1F8-2B08105E4A2E}.Release|Any CPU.ActiveCfg = Release|Any CPU
		{9E20865D-9E81-4B55-B1F8-2B08105E4A2E}.Release|Any CPU.Build.0 = Release|Any CPU
		{5F4BA9E7-5F80-4B4A-ACB6-E258441EF55A}.Debug|Any CPU.ActiveCfg = Debug|Any CPU
		{5F4BA9E7-5F80-4B4A-ACB6-E258441EF55A}.Debug|Any CPU.Build.0 = Debug|Any CPU
		{5F4BA9E7-5F80-4B4A-ACB6-E258441EF55A}.Release|Any CPU.ActiveCfg = Release|Any CPU
		{5F4BA9E7-5F80-4B4A-ACB6-E258441EF55A}.Release|Any CPU.Build.0 = Release|Any CPU
		{9D8AA4AA-D896-4446-9E56-2CD891F52523}.Debug|Any CPU.ActiveCfg = Debug|Any CPU
		{9D8AA4AA-D896-4446-9E56-2CD891F52523}.Debug|Any CPU.Build.0 = Debug|Any CPU
		{9D8AA4AA-D896-4446-9E56-2CD891F52523}.Release|Any CPU.ActiveCfg = Release|Any CPU
		{9D8AA4AA-D896-4446-9E56-2CD891F52523}.Release|Any CPU.Build.0 = Release|Any CPU
		{9FE95F07-3A90-435F-BA3B-84A393206F75}.Debug|Any CPU.ActiveCfg = Debug|Any CPU
		{9FE95F07-3A90-435F-BA3B-84A393206F75}.Debug|Any CPU.Build.0 = Debug|Any CPU
		{9FE95F07-3A90-435F-BA3B-84A393206F75}.Release|Any CPU.ActiveCfg = Release|Any CPU
		{9FE95F07-3A90-435F-BA3B-84A393206F75}.Release|Any CPU.Build.0 = Release|Any CPU
		{F49C21A8-96CE-45F9-9F67-00E2B2B44A46}.Debug|Any CPU.ActiveCfg = Debug|Any CPU
		{F49C21A8-96CE-45F9-9F67-00E2B2B44A46}.Debug|Any CPU.Build.0 = Debug|Any CPU
		{F49C21A8-96CE-45F9-9F67-00E2B2B44A46}.Release|Any CPU.ActiveCfg = Release|Any CPU
		{F49C21A8-96CE-45F9-9F67-00E2B2B44A46}.Release|Any CPU.Build.0 = Release|Any CPU
		{4B9BD5B4-98AC-4EBA-B592-5A725440AF51}.Debug|Any CPU.ActiveCfg = Debug|Any CPU
		{4B9BD5B4-98AC-4EBA-B592-5A725440AF51}.Debug|Any CPU.Build.0 = Debug|Any CPU
		{4B9BD5B4-98AC-4EBA-B592-5A725440AF51}.Release|Any CPU.ActiveCfg = Release|Any CPU
		{4B9BD5B4-98AC-4EBA-B592-5A725440AF51}.Release|Any CPU.Build.0 = Release|Any CPU
		{F251FED2-3A05-487F-83D2-891A19345E0C}.Debug|Any CPU.ActiveCfg = Debug|Any CPU
		{F251FED2-3A05-487F-83D2-891A19345E0C}.Debug|Any CPU.Build.0 = Debug|Any CPU
		{F251FED2-3A05-487F-83D2-891A19345E0C}.Release|Any CPU.ActiveCfg = Release|Any CPU
		{F251FED2-3A05-487F-83D2-891A19345E0C}.Release|Any CPU.Build.0 = Release|Any CPU
		{0B4099C1-DC4E-4923-9AA5-2E6B2EAC3B16}.Debug|Any CPU.ActiveCfg = Debug|Any CPU
		{0B4099C1-DC4E-4923-9AA5-2E6B2EAC3B16}.Debug|Any CPU.Build.0 = Debug|Any CPU
		{0B4099C1-DC4E-4923-9AA5-2E6B2EAC3B16}.Release|Any CPU.ActiveCfg = Release|Any CPU
		{0B4099C1-DC4E-4923-9AA5-2E6B2EAC3B16}.Release|Any CPU.Build.0 = Release|Any CPU
		{A7303724-47CA-43F5-A7A9-6AACC945CAEF}.Debug|Any CPU.ActiveCfg = Debug|Any CPU
		{A7303724-47CA-43F5-A7A9-6AACC945CAEF}.Debug|Any CPU.Build.0 = Debug|Any CPU
		{A7303724-47CA-43F5-A7A9-6AACC945CAEF}.Release|Any CPU.ActiveCfg = Release|Any CPU
		{A7303724-47CA-43F5-A7A9-6AACC945CAEF}.Release|Any CPU.Build.0 = Release|Any CPU
		{2936FCBB-F1EC-4184-8E54-ADACCF6B9595}.Debug|Any CPU.ActiveCfg = Debug|Any CPU
		{2936FCBB-F1EC-4184-8E54-ADACCF6B9595}.Debug|Any CPU.Build.0 = Debug|Any CPU
		{2936FCBB-F1EC-4184-8E54-ADACCF6B9595}.Release|Any CPU.ActiveCfg = Release|Any CPU
		{2936FCBB-F1EC-4184-8E54-ADACCF6B9595}.Release|Any CPU.Build.0 = Release|Any CPU
		{8BE3889F-91BD-4CE2-B4B1-3DB5027B0737}.Debug|Any CPU.ActiveCfg = Debug|Any CPU
		{8BE3889F-91BD-4CE2-B4B1-3DB5027B0737}.Debug|Any CPU.Build.0 = Debug|Any CPU
		{8BE3889F-91BD-4CE2-B4B1-3DB5027B0737}.Release|Any CPU.ActiveCfg = Release|Any CPU
		{8BE3889F-91BD-4CE2-B4B1-3DB5027B0737}.Release|Any CPU.Build.0 = Release|Any CPU
		{88550A93-08C1-45D3-8968-1C26A986B774}.Debug|Any CPU.ActiveCfg = Debug|Any CPU
		{88550A93-08C1-45D3-8968-1C26A986B774}.Debug|Any CPU.Build.0 = Debug|Any CPU
		{88550A93-08C1-45D3-8968-1C26A986B774}.Release|Any CPU.ActiveCfg = Release|Any CPU
		{88550A93-08C1-45D3-8968-1C26A986B774}.Release|Any CPU.Build.0 = Release|Any CPU
		{CD00DEAA-CA54-44B9-AEC5-13FC5CEB818A}.Debug|Any CPU.ActiveCfg = Debug|Any CPU
		{CD00DEAA-CA54-44B9-AEC5-13FC5CEB818A}.Debug|Any CPU.Build.0 = Debug|Any CPU
		{CD00DEAA-CA54-44B9-AEC5-13FC5CEB818A}.Release|Any CPU.ActiveCfg = Release|Any CPU
		{CD00DEAA-CA54-44B9-AEC5-13FC5CEB818A}.Release|Any CPU.Build.0 = Release|Any CPU
		{3036094A-C701-4117-BD69-04863A92BE88}.Debug|Any CPU.ActiveCfg = Debug|Any CPU
		{3036094A-C701-4117-BD69-04863A92BE88}.Debug|Any CPU.Build.0 = Debug|Any CPU
		{3036094A-C701-4117-BD69-04863A92BE88}.Release|Any CPU.ActiveCfg = Release|Any CPU
		{3036094A-C701-4117-BD69-04863A92BE88}.Release|Any CPU.Build.0 = Release|Any CPU
		{CF6325F9-1701-456A-89BB-9AA220E724C7}.Debug|Any CPU.ActiveCfg = Debug|Any CPU
		{CF6325F9-1701-456A-89BB-9AA220E724C7}.Debug|Any CPU.Build.0 = Debug|Any CPU
		{CF6325F9-1701-456A-89BB-9AA220E724C7}.Release|Any CPU.ActiveCfg = Release|Any CPU
		{CF6325F9-1701-456A-89BB-9AA220E724C7}.Release|Any CPU.Build.0 = Release|Any CPU
		{070B3975-4234-40FE-B6CA-3BF669BD2009}.Debug|Any CPU.ActiveCfg = Debug|Any CPU
		{070B3975-4234-40FE-B6CA-3BF669BD2009}.Debug|Any CPU.Build.0 = Debug|Any CPU
		{070B3975-4234-40FE-B6CA-3BF669BD2009}.Release|Any CPU.ActiveCfg = Release|Any CPU
		{070B3975-4234-40FE-B6CA-3BF669BD2009}.Release|Any CPU.Build.0 = Release|Any CPU
		{8C45272B-EE16-46E4-A65B-38EB7FDBBE55}.Debug|Any CPU.ActiveCfg = Debug|Any CPU
		{8C45272B-EE16-46E4-A65B-38EB7FDBBE55}.Debug|Any CPU.Build.0 = Debug|Any CPU
		{8C45272B-EE16-46E4-A65B-38EB7FDBBE55}.Release|Any CPU.ActiveCfg = Release|Any CPU
		{8C45272B-EE16-46E4-A65B-38EB7FDBBE55}.Release|Any CPU.Build.0 = Release|Any CPU
		{B6C280A1-ECCC-4FA7-A59C-7A55C4E629B4}.Debug|Any CPU.ActiveCfg = Debug|Any CPU
		{B6C280A1-ECCC-4FA7-A59C-7A55C4E629B4}.Debug|Any CPU.Build.0 = Debug|Any CPU
		{B6C280A1-ECCC-4FA7-A59C-7A55C4E629B4}.Release|Any CPU.ActiveCfg = Release|Any CPU
		{B6C280A1-ECCC-4FA7-A59C-7A55C4E629B4}.Release|Any CPU.Build.0 = Release|Any CPU
		{E3F99826-16F5-45CC-83A5-17D85D40F9C2}.Debug|Any CPU.ActiveCfg = Debug|Any CPU
		{E3F99826-16F5-45CC-83A5-17D85D40F9C2}.Debug|Any CPU.Build.0 = Debug|Any CPU
		{E3F99826-16F5-45CC-83A5-17D85D40F9C2}.Release|Any CPU.ActiveCfg = Release|Any CPU
		{E3F99826-16F5-45CC-83A5-17D85D40F9C2}.Release|Any CPU.Build.0 = Release|Any CPU
		{6711ACA2-6777-4889-BAA4-141CC7B0C41D}.Debug|Any CPU.ActiveCfg = Debug|Any CPU
		{6711ACA2-6777-4889-BAA4-141CC7B0C41D}.Debug|Any CPU.Build.0 = Debug|Any CPU
		{6711ACA2-6777-4889-BAA4-141CC7B0C41D}.Release|Any CPU.ActiveCfg = Release|Any CPU
		{6711ACA2-6777-4889-BAA4-141CC7B0C41D}.Release|Any CPU.Build.0 = Release|Any CPU
		{52111E11-FA7E-4F8C-A4A6-8CF805B14659}.Debug|Any CPU.ActiveCfg = Debug|Any CPU
		{52111E11-FA7E-4F8C-A4A6-8CF805B14659}.Debug|Any CPU.Build.0 = Debug|Any CPU
		{52111E11-FA7E-4F8C-A4A6-8CF805B14659}.Release|Any CPU.ActiveCfg = Release|Any CPU
		{52111E11-FA7E-4F8C-A4A6-8CF805B14659}.Release|Any CPU.Build.0 = Release|Any CPU
	EndGlobalSection
	GlobalSection(SolutionProperties) = preSolution
		HideSolutionNode = FALSE
	EndGlobalSection
	GlobalSection(ExtensibilityGlobals) = postSolution
		SolutionGuid = {E4784A29-C848-44D9-9B0E-2851BCB0E916}
	EndGlobalSection
EndGlobal
